
Microsoft Visual Studio Solution File, Format Version 12.00
# Visual Studio 2012
Project("{FAE04EC0-301F-11D3-BF4B-00C04F79EFBC}") = "Prime_totals", "Prime_totals.csproj", "{83F89AC7-3170-4374-A39A-BF0A7393B29B}"
EndProject
Global
	GlobalSection(SolutionConfigurationPlatforms) = preSolution
		Debug|Any CPU = Debug|Any CPU
		Release|Any CPU = Release|Any CPU
	EndGlobalSection
	GlobalSection(ProjectConfigurationPlatforms) = postSolution
		{83F89AC7-3170-4374-A39A-BF0A7393B29B}.Debug|Any CPU.ActiveCfg = Debug|Any CPU
		{83F89AC7-3170-4374-A39A-BF0A7393B29B}.Debug|Any CPU.Build.0 = Debug|Any CPU
		{83F89AC7-3170-4374-A39A-BF0A7393B29B}.Release|Any CPU.ActiveCfg = Release|Any CPU
		{83F89AC7-3170-4374-A39A-BF0A7393B29B}.Release|Any CPU.Build.0 = Release|Any CPU
	EndGlobalSection
EndGlobal
